// !$*UTF8*$!
{
	archiveVersion = 1;
	classes = {
	};
	objectVersion = 46;
	objects = {

/* Begin PBXBuildFile section */
		CC7475801C2E7FF700BF171C /* main.m in Sources */ = {isa = PBXBuildFile; fileRef = CC74757F1C2E7FF700BF171C /* main.m */; };
		CC7475831C2E7FF700BF171C /* AppDelegate.m in Sources */ = {isa = PBXBuildFile; fileRef = CC7475821C2E7FF700BF171C /* AppDelegate.m */; };
		CC7475861C2E7FF700BF171C /* ViewController.m in Sources */ = {isa = PBXBuildFile; fileRef = CC7475851C2E7FF700BF171C /* ViewController.m */; };
		CC7475891C2E7FF700BF171C /* Main.storyboard in Resources */ = {isa = PBXBuildFile; fileRef = CC7475871C2E7FF700BF171C /* Main.storyboard */; };
		CC74758B1C2E7FF700BF171C /* Images.xcassets in Resources */ = {isa = PBXBuildFile; fileRef = CC74758A1C2E7FF700BF171C /* Images.xcassets */; };
		CC74758E1C2E7FF700BF171C /* LaunchScreen.xib in Resources */ = {isa = PBXBuildFile; fileRef = CC74758C1C2E7FF700BF171C /* LaunchScreen.xib */; };
		CC74759A1C2E7FF700BF171C /* _3_UIActivityIndicatorViewDemoTests.m in Sources */ = {isa = PBXBuildFile; fileRef = CC7475991C2E7FF700BF171C /* _3_UIActivityIndicatorViewDemoTests.m */; };
/* End PBXBuildFile section */

/* Begin PBXContainerItemProxy section */
		CC7475941C2E7FF700BF171C /* PBXContainerItemProxy */ = {
			isa = PBXContainerItemProxy;
			containerPortal = CC7475721C2E7FF700BF171C /* Project object */;
			proxyType = 1;
			remoteGlobalIDString = CC7475791C2E7FF700BF171C;
			remoteInfo = "03-UIActivityIndicatorViewDemo";
		};
/* End PBXContainerItemProxy section */

/* Begin PBXFileReference section */
		CC74757A1C2E7FF700BF171C /* 03-UIActivityIndicatorViewDemo.app */ = {isa = PBXFileReference; explicitFileType = wrapper.application; includeInIndex = 0; path = "03-UIActivityIndicatorViewDemo.app"; sourceTree = BUILT_PRODUCTS_DIR; };
		CC74757E1C2E7FF700BF171C /* Info.plist */ = {isa = PBXFileReference; lastKnownFileType = text.plist.xml; path = Info.plist; sourceTree = "<group>"; };
		CC74757F1C2E7FF700BF171C /* main.m */ = {isa = PBXFileReference; lastKnownFileType = sourcecode.c.objc; path = main.m; sourceTree = "<group>"; };
		CC7475811C2E7FF700BF171C /* AppDelegate.h */ = {isa = PBXFileReference; lastKnownFileType = sourcecode.c.h; path = AppDelegate.h; sourceTree = "<group>"; };
		CC7475821C2E7FF700BF171C /* AppDelegate.m */ = {isa = PBXFileReference; lastKnownFileType = sourcecode.c.objc; path = AppDelegate.m; sourceTree = "<group>"; };
		CC7475841C2E7FF700BF171C /* ViewController.h */ = {isa = PBXFileReference; lastKnownFileType = sourcecode.c.h; path = ViewController.h; sourceTree = "<group>"; };
		CC7475851C2E7FF700BF171C /* ViewController.m */ = {isa = PBXFileReference; lastKnownFileType = sourcecode.c.objc; path = ViewController.m; sourceTree = "<group>"; };
		CC7475881C2E7FF700BF171C /* Base */ = {isa = PBXFileReference; lastKnownFileType = file.storyboard; name = Base; path = Base.lproj/Main.storyboard; sourceTree = "<group>"; };
		CC74758A1C2E7FF700BF171C /* Images.xcassets */ = {isa = PBXFileReference; lastKnownFileType = folder.assetcatalog; path = Images.xcassets; sourceTree = "<group>"; };
		CC74758D1C2E7FF700BF171C /* Base */ = {isa = PBXFileReference; lastKnownFileType = file.xib; name = Base; path = Base.lproj/LaunchScreen.xib; sourceTree = "<group>"; };
		CC7475931C2E7FF700BF171C /* 03-UIActivityIndicatorViewDemoTests.xctest */ = {isa = PBXFileReference; explicitFileType = wrapper.cfbundle; includeInIndex = 0; path = "03-UIActivityIndicatorViewDemoTests.xctest"; sourceTree = BUILT_PRODUCTS_DIR; };
		CC7475981C2E7FF700BF171C /* Info.plist */ = {isa = PBXFileReference; lastKnownFileType = text.plist.xml; path = Info.plist; sourceTree = "<group>"; };
		CC7475991C2E7FF700BF171C /* _3_UIActivityIndicatorViewDemoTests.m */ = {isa = PBXFileReference; lastKnownFileType = sourcecode.c.objc; path = _3_UIActivityIndicatorViewDemoTests.m; sourceTree = "<group>"; };
/* End PBXFileReference section */

/* Begin PBXFrameworksBuildPhase section */
		CC7475771C2E7FF700BF171C /* Frameworks */ = {
			isa = PBXFrameworksBuildPhase;
			buildActionMask = 2147483647;
			files = (
			);
			runOnlyForDeploymentPostprocessing = 0;
		};
		CC7475901C2E7FF700BF171C /* Frameworks */ = {
			isa = PBXFrameworksBuildPhase;
			buildActionMask = 2147483647;
			files = (
			);
			runOnlyForDeploymentPostprocessing = 0;
		};
/* End PBXFrameworksBuildPhase section */

/* Begin PBXGroup section */
		CC7475711C2E7FF700BF171C = {
			isa = PBXGroup;
			children = (
				CC74757C1C2E7FF700BF171C /* 03-UIActivityIndicatorViewDemo */,
				CC7475961C2E7FF700BF171C /* 03-UIActivityIndicatorViewDemoTests */,
				CC74757B1C2E7FF700BF171C /* Products */,
			);
			sourceTree = "<group>";
		};
		CC74757B1C2E7FF700BF171C /* Products */ = {
			isa = PBXGroup;
			children = (
				CC74757A1C2E7FF700BF171C /* 03-UIActivityIndicatorViewDemo.app */,
				CC7475931C2E7FF700BF171C /* 03-UIActivityIndicatorViewDemoTests.xctest */,
			);
			name = Products;
			sourceTree = "<group>";
		};
		CC74757C1C2E7FF700BF171C /* 03-UIActivityIndicatorViewDemo */ = {
			isa = PBXGroup;
			children = (
				CC7475811C2E7FF700BF171C /* AppDelegate.h */,
				CC7475821C2E7FF700BF171C /* AppDelegate.m */,
				CC7475841C2E7FF700BF171C /* ViewController.h */,
				CC7475851C2E7FF700BF171C /* ViewController.m */,
				CC7475871C2E7FF700BF171C /* Main.storyboard */,
				CC74758A1C2E7FF700BF171C /* Images.xcassets */,
				CC74758C1C2E7FF700BF171C /* LaunchScreen.xib */,
				CC74757D1C2E7FF700BF171C /* Supporting Files */,
			);
			path = "03-UIActivityIndicatorViewDemo";
			sourceTree = "<group>";
		};
		CC74757D1C2E7FF700BF171C /* Supporting Files */ = {
			isa = PBXGroup;
			children = (
				CC74757E1C2E7FF700BF171C /* Info.plist */,
				CC74757F1C2E7FF700BF171C /* main.m */,
			);
			name = "Supporting Files";
			sourceTree = "<group>";
		};
		CC7475961C2E7FF700BF171C /* 03-UIActivityIndicatorViewDemoTests */ = {
			isa = PBXGroup;
			children = (
				CC7475991C2E7FF700BF171C /* _3_UIActivityIndicatorViewDemoTests.m */,
				CC7475971C2E7FF700BF171C /* Supporting Files */,
			);
			path = "03-UIActivityIndicatorViewDemoTests";
			sourceTree = "<group>";
		};
		CC7475971C2E7FF700BF171C /* Supporting Files */ = {
			isa = PBXGroup;
			children = (
				CC7475981C2E7FF700BF171C /* Info.plist */,
			);
			name = "Supporting Files";
			sourceTree = "<group>";
		};
/* End PBXGroup section */

/* Begin PBXNativeTarget section */
		CC7475791C2E7FF700BF171C /* 03-UIActivityIndicatorViewDemo */ = {
			isa = PBXNativeTarget;
			buildConfigurationList = CC74759D1C2E7FF700BF171C /* Build configuration list for PBXNativeTarget "03-UIActivityIndicatorViewDemo" */;
			buildPhases = (
				CC7475761C2E7FF700BF171C /* Sources */,
				CC7475771C2E7FF700BF171C /* Frameworks */,
				CC7475781C2E7FF700BF171C /* Resources */,
			);
			buildRules = (
			);
			dependencies = (
			);
			name = "03-UIActivityIndicatorViewDemo";
			productName = "03-UIActivityIndicatorViewDemo";
			productReference = CC74757A1C2E7FF700BF171C /* 03-UIActivityIndicatorViewDemo.app */;
			productType = "com.apple.product-type.application";
		};
		CC7475921C2E7FF700BF171C /* 03-UIActivityIndicatorViewDemoTests */ = {
			isa = PBXNativeTarget;
			buildConfigurationList = CC7475A01C2E7FF700BF171C /* Build configuration list for PBXNativeTarget "03-UIActivityIndicatorViewDemoTests" */;
			buildPhases = (
				CC74758F1C2E7FF700BF171C /* Sources */,
				CC7475901C2E7FF700BF171C /* Frameworks */,
				CC7475911C2E7FF700BF171C /* Resources */,
			);
			buildRules = (
			);
			dependencies = (
				CC7475951C2E7FF700BF171C /* PBXTargetDependency */,
			);
			name = "03-UIActivityIndicatorViewDemoTests";
			productName = "03-UIActivityIndicatorViewDemoTests";
			productReference = CC7475931C2E7FF700BF171C /* 03-UIActivityIndicatorViewDemoTests.xctest */;
			productType = "com.apple.product-type.bundle.unit-test";
		};
/* End PBXNativeTarget section */

/* Begin PBXProject section */
		CC7475721C2E7FF700BF171C /* Project object */ = {
			isa = PBXProject;
			attributes = {
				LastUpgradeCheck = 0630;
				ORGANIZATIONNAME = qingyun;
				TargetAttributes = {
					CC7475791C2E7FF700BF171C = {
						CreatedOnToolsVersion = 6.3;
					};
					CC7475921C2E7FF700BF171C = {
						CreatedOnToolsVersion = 6.3;
						TestTargetID = CC7475791C2E7FF700BF171C;
					};
				};
			};
			buildConfigurationList = CC7475751C2E7FF700BF171C /* Build configuration list for PBXProject "03-UIActivityIndicatorViewDemo" */;
			compatibilityVersion = "Xcode 3.2";
			developmentRegion = English;
			hasScannedForEncodings = 0;
			knownRegions = (
				en,
				Base,
			);
			mainGroup = CC7475711C2E7FF700BF171C;
			productRefGroup = CC74757B1C2E7FF700BF171C /* Products */;
			projectDirPath = "";
			projectRoot = "";
			targets = (
				CC7475791C2E7FF700BF171C /* 03-UIActivityIndicatorViewDemo */,
				CC7475921C2E7FF700BF171C /* 03-UIActivityIndicatorViewDemoTests */,
			);
		};
/* End PBXProject section */

/* Begin PBXResourcesBuildPhase section */
		CC7475781C2E7FF700BF171C /* Resources */ = {
			isa = PBXResourcesBuildPhase;
			buildActionMask = 2147483647;
			files = (
				CC7475891C2E7FF700BF171C /* Main.storyboard in Resources */,
				CC74758E1C2E7FF700BF171C /* LaunchScreen.xib in Resources */,
				CC74758B1C2E7FF700BF171C /* Images.xcassets in Resources */,
			);
			runOnlyForDeploymentPostprocessing = 0;
		};
		CC7475911C2E7FF700BF171C /* Resources */ = {
			isa = PBXResourcesBuildPhase;
			buildActionMask = 2147483647;
			files = (
			);
			runOnlyForDeploymentPostprocessing = 0;
		};
/* End PBXResourcesBuildPhase section */

/* Begin PBXSourcesBuildPhase section */
		CC7475761C2E7FF700BF171C /* Sources */ = {
			isa = PBXSourcesBuildPhase;
			buildActionMask = 2147483647;
			files = (
				CC7475861C2E7FF700BF171C /* ViewController.m in Sources */,
				CC7475831C2E7FF700BF171C /* AppDelegate.m in Sources */,
				CC7475801C2E7FF700BF171C /* main.m in Sources */,
			);
			runOnlyForDeploymentPostprocessing = 0;
		};
		CC74758F1C2E7FF700BF171C /* Sources */ = {
			isa = PBXSourcesBuildPhase;
			buildActionMask = 2147483647;
			files = (
				CC74759A1C2E7FF700BF171C /* _3_UIActivityIndicatorViewDemoTests.m in Sources */,
			);
			runOnlyForDeploymentPostprocessing = 0;
		};
/* End PBXSourcesBuildPhase section */

/* Begin PBXTargetDependency section */
		CC7475951C2E7FF700BF171C /* PBXTargetDependency */ = {
			isa = PBXTargetDependency;
			target = CC7475791C2E7FF700BF171C /* 03-UIActivityIndicatorViewDemo */;
			targetProxy = CC7475941C2E7FF700BF171C /* PBXContainerItemProxy */;
		};
/* End PBXTargetDependency section */

/* Begin PBXVariantGroup section */
		CC7475871C2E7FF700BF171C /* Main.storyboard */ = {
			isa = PBXVariantGroup;
			children = (
				CC7475881C2E7FF700BF171C /* Base */,
			);
			name = Main.storyboard;
			sourceTree = "<group>";
		};
		CC74758C1C2E7FF700BF171C /* LaunchScreen.xib */ = {
			isa = PBXVariantGroup;
			children = (
				CC74758D1C2E7FF700BF171C /* Base */,
			);
			name = LaunchScreen.xib;
			sourceTree = "<group>";
		};
/* End PBXVariantGroup section */

/* Begin XCBuildConfiguration section */
		CC74759B1C2E7FF700BF171C /* Debug */ = {
			isa = XCBuildConfiguration;
			buildSettings = {
				ALWAYS_SEARCH_USER_PATHS = NO;
				CLANG_CXX_LANGUAGE_STANDARD = "gnu++0x";
				CLANG_CXX_LIBRARY = "libc++";
				CLANG_ENABLE_MODULES = YES;
				CLANG_ENABLE_OBJC_ARC = YES;
				CLANG_WARN_BOOL_CONVERSION = YES;
				CLANG_WARN_CONSTANT_CONVERSION = YES;
				CLANG_WARN_DIRECT_OBJC_ISA_USAGE = YES_ERROR;
				CLANG_WARN_EMPTY_BODY = YES;
				CLANG_WARN_ENUM_CONVERSION = YES;
				CLANG_WARN_INT_CONVERSION = YES;
				CLANG_WARN_OBJC_ROOT_CLASS = YES_ERROR;
				CLANG_WARN_UNREACHABLE_CODE = YES;
				CLANG_WARN__DUPLICATE_METHOD_MATCH = YES;
				"CODE_SIGN_IDENTITY[sdk=iphoneos*]" = "iPhone Developer";
				COPY_PHASE_STRIP = NO;
				DEBUG_INFORMATION_FORMAT = "dwarf-with-dsym";
				ENABLE_STRICT_OBJC_MSGSEND = YES;
				GCC_C_LANGUAGE_STANDARD = gnu99;
				GCC_DYNAMIC_NO_PIC = NO;
				GCC_NO_COMMON_BLOCKS = YES;
				GCC_OPTIMIZATION_LEVEL = 0;
				GCC_PREPROCESSOR_DEFINITIONS = (
					"DEBUG=1",
					"$(inherited)",
				);
				GCC_SYMBOLS_PRIVATE_EXTERN = NO;
				GCC_WARN_64_TO_32_BIT_CONVERSION = YES;
				GCC_WARN_ABOUT_RETURN_TYPE = YES_ERROR;
				GCC_WARN_UNDECLARED_SELECTOR = YES;
				GCC_WARN_UNINITIALIZED_AUTOS = YES_AGGRESSIVE;
				GCC_WARN_UNUSED_FUNCTION = YES;
				GCC_WARN_UNUSED_VARIABLE = YES;
				IPHONEOS_DEPLOYMENT_TARGET = 8.3;
				MTL_ENABLE_DEBUG_INFO = YES;
				ONLY_ACTIVE_ARCH = YES;
				SDKROOT = iphoneos;
			};
			name = Debug;
		};
		CC74759C1C2E7FF700BF171C /* Release */ = {
			isa = XCBuildConfiguration;
			buildSettings = {
				ALWAYS_SEARCH_USER_PATHS = NO;
				CLANG_CXX_LANGUAGE_STANDARD = "gnu++0x";
				CLANG_CXX_LIBRARY = "libc++";
				CLANG_ENABLE_MODULES = YES;
				CLANG_ENABLE_OBJC_ARC = YES;
				CLANG_WARN_BOOL_CONVERSION = YES;
				CLANG_WARN_CONSTANT_CONVERSION = YES;
				CLANG_WARN_DIRECT_OBJC_ISA_USAGE = YES_ERROR;
				CLANG_WARN_EMPTY_BODY = YES;
				CLANG_WARN_ENUM_CONVERSION = YES;
				CLANG_WARN_INT_CONVERSION = YES;
				CLANG_WARN_OBJC_ROOT_CLASS = YES_ERROR;
				CLANG_WARN_UNREACHABLE_CODE = YES;
				CLANG_WARN__DUPLICATE_METHOD_MATCH = YES;
				"CODE_SIGN_IDENTITY[sdk=iphoneos*]" = "iPhone Developer";
				COPY_PHASE_STRIP = NO;
				DEBUG_INFORMATION_FORMAT = "dwarf-with-dsym";
				ENABLE_NS_ASSERTIONS = NO;
				ENABLE_STRICT_OBJC_MSGSEND = YES;
				GCC_C_LANGUAGE_STANDARD = gnu99;
				GCC_NO_COMMON_BLOCKS = YES;
				GCC_WARN_64_TO_32_BIT_CONVERSION = YES;
				GCC_WARN_ABOUT_RETURN_TYPE = YES_ERROR;
				GCC_WARN_UNDECLARED_SELECTOR = YES;
				GCC_WARN_UNINITIALIZED_AUTOS = YES_AGGRESSIVE;
				GCC_WARN_UNUSED_FUNCTION = YES;
				GCC_WARN_UNUSED_VARIABLE = YES;
				IPHONEOS_DEPLOYMENT_TARGET = 8.3;
				MTL_ENABLE_DEBUG_INFO = NO;
				SDKROOT = iphoneos;
				VALIDATE_PRODUCT = YES;
			};
			name = Release;
		};
		CC74759E1C2E7FF700BF171C /* Debug */ = {
			isa = XCBuildConfiguration;
			buildSettings = {
				ASSETCATALOG_COMPILER_APPICON_NAME = AppIcon;
				INFOPLIST_FILE = "03-UIActivityIndicatorViewDemo/Info.plist";
				LD_RUNPATH_SEARCH_PATHS = "$(inherited) @executable_path/Frameworks";
				PRODUCT_NAME = "$(TARGET_NAME)";
			};
			name = Debug;
		};
		CC74759F1C2E7FF700BF171C /* Release */ = {
			isa = XCBuildConfiguration;
			buildSettings = {
				ASSETCATALOG_COMPILER_APPICON_NAME = AppIcon;
				INFOPLIST_FILE = "03-UIActivityIndicatorViewDemo/Info.plist";
				LD_RUNPATH_SEARCH_PATHS = "$(inherited) @executable_path/Frameworks";
				PRODUCT_NAME = "$(TARGET_NAME)";
			};
			name = Release;
		};
		CC7475A11C2E7FF700BF171C /* Debug */ = {
			isa = XCBuildConfiguration;
			buildSettings = {
				BUNDLE_LOADER = "$(TEST_HOST)";
				FRAMEWORK_SEARCH_PATHS = (
					"$(SDKROOT)/Developer/Library/Frameworks",
					"$(inherited)",
				);
				GCC_PREPROCESSOR_DEFINITIONS = (
					"DEBUG=1",
					"$(inherited)",
				);
				INFOPLIST_FILE = "03-UIActivityIndicatorViewDemoTests/Info.plist";
				LD_RUNPATH_SEARCH_PATHS = "$(inherited) @executable_path/Frameworks @loader_path/Frameworks";
				PRODUCT_NAME = "$(TARGET_NAME)";
				TEST_HOST = "$(BUILT_PRODUCTS_DIR)/03-UIActivityIndicatorViewDemo.app/03-UIActivityIndicatorViewDemo";
			};
			name = Debug;
		};
		CC7475A21C2E7FF700BF171C /* Release */ = {
			isa = XCBuildConfiguration;
			buildSettings = {
				BUNDLE_LOADER = "$(TEST_HOST)";
				FRAMEWORK_SEARCH_PATHS = (
					"$(SDKROOT)/Developer/Library/Frameworks",
					"$(inherited)",
				);
				INFOPLIST_FILE = "03-UIActivityIndicatorViewDemoTests/Info.plist";
				LD_RUNPATH_SEARCH_PATHS = "$(inherited) @executable_path/Frameworks @loader_path/Frameworks";
				PRODUCT_NAME = "$(TARGET_NAME)";
				TEST_HOST = "$(BUILT_PRODUCTS_DIR)/03-UIActivityIndicatorViewDemo.app/03-UIActivityIndicatorViewDemo";
			};
			name = Release;
		};
/* End XCBuildConfiguration section */

/* Begin XCConfigurationList section */
		CC7475751C2E7FF700BF171C /* Build configuration list for PBXProject "03-UIActivityIndicatorViewDemo" */ = {
			isa = XCConfigurationList;
			buildConfigurations = (
				CC74759B1C2E7FF700BF171C /* Debug */,
				CC74759C1C2E7FF700BF171C /* Release */,
			);
			defaultConfigurationIsVisible = 0;
			defaultConfigurationName = Release;
		};
		CC74759D1C2E7FF700BF171C /* Build configuration list for PBXNativeTarget "03-UIActivityIndicatorViewDemo" */ = {
			isa = XCConfigurationList;
			buildConfigurations = (
				CC74759E1C2E7FF700BF171C /* Debug */,
				CC74759F1C2E7FF700BF171C /* Release */,
			);
			defaultConfigurationIsVisible = 0;
		};
		CC7475A01C2E7FF700BF171C /* Build configuration list for PBXNativeTarget "03-UIActivityIndicatorViewDemoTests" */ = {
			isa = XCConfigurationList;
			buildConfigurations = (
				CC7475A11C2E7FF700BF171C /* Debug */,
				CC7475A21C2E7FF700BF171C /* Release */,
			);
			defaultConfigurationIsVisible = 0;
		};
/* End XCConfigurationList section */
	};
	rootObject = CC7475721C2E7FF700BF171C /* Project object */;
}
